{
  "name": "arcgis-demo",
  "version": "0.0.1",
  "lockfileVersion": 1,
  "requires": true,
  "dependencies": {
    "eslint-plugin-prettier": {
      "version": "3.0.1",
      "resolved": "https://registry.npmjs.org/eslint-plugin-prettier/-/eslint-plugin-prettier-3.0.1.tgz",
      "integrity": "sha512-/PMttrarPAY78PLvV3xfWibMOdMDl57hmlQ2XqFeA37wd+CJ7WSxV7txqjVPHi/AAFKd2lX0ZqfsOc/i5yFCSQ==",
      "dev": true,
      "requires": {
        "prettier-linter-helpers": "^1.0.0"
      }
    },
    "fast-diff": {
      "version": "1.2.0",
      "resolved": "https://registry.npmjs.org/fast-diff/-/fast-diff-1.2.0.tgz",
      "integrity": "sha512-xJuoT5+L99XlZ8twedaRf6Ax2TgQVxvgZOYoPKqZufmJib0tL2tegPBOZb1pVNgIhlqDlA0eO0c3wBvQcmzx4w==",
      "dev": true
    },
    "prettier": {
      "version": "1.16.3",
      "resolved": "https://registry.npmjs.org/prettier/-/prettier-1.16.3.tgz",
      "integrity": "sha512-kn/GU6SMRYPxUakNXhpP0EedT/KmaPzr0H5lIsDogrykbaxOpOfAFfk5XA7DZrJyMAv1wlMV3CPcZruGXVVUZw==",
      "dev": true
    },
    "prettier-linter-helpers": {
      "version": "1.0.0",
      "resolved": "https://registry.npmjs.org/prettier-linter-helpers/-/prettier-linter-helpers-1.0.0.tgz",
      "integrity": "sha512-GbK2cP9nraSSUF9N2XwUwqfzlAFlMNYYl+ShE/V+H8a9uNl/oUqB1w2EL54Jh0OlyRSd8RfWYJ3coVS4TROP2w==",
      "dev": true,
      "requires": {
        "fast-diff": "^1.1.2"
      }
    }
  }
}
